PODS:
  - Alamofire (5.6.2)
  - PrismaApiRouter (1.1.1):
    - Alamofire (~> 5)

DEPENDENCIES:
  - PrismaApiRouter (from `../`)

SPEC REPOS:
  https://github.com/CocoaPods/Specs.git:
    - Alamofire

EXTERNAL SOURCES:
  PrismaApiRouter:
    :path: "../"

SPEC CHECKSUMS:
  Alamofire: d368e1ff8a298e6dde360e35a3e68e6c610e7204
  PrismaApiRouter: c17a420709e5c9a48e3a63bd27a0078a824a0ba3

PODFILE CHECKSUM: 1a8cdec9e810de354da6d6d8cbc9fc306b79d129

COCOAPODS: 1.11.3
